
Microsoft Visual Studio Solution File, Format Version 12.00
# Visual Studio Version 17
VisualStudioVersion = 17.9.34607.119
MinimumVisualStudioVersion = 10.0.40219.1
Project("{9A19103F-16F7-4668-BE54-9A1E7A4F7556}") = "CertAzure", "CertAzure.csproj", "{A1587814-021D-484E-A3D5-7062356319EE}"
EndProject
Global
	GlobalSection(SolutionConfigurationPlatforms) = preSolution
		Debug|Any CPU = Debug|Any CPU
		Release|Any CPU = Release|Any CPU
	EndGlobalSection
	GlobalSection(ProjectConfigurationPlatforms) = postSolution
		{A1587814-021D-484E-A3D5-7062356319EE}.Debug|Any CPU.ActiveCfg = Debug|Any CPU
		{A1587814-021D-484E-A3D5-7062356319EE}.Debug|Any CPU.Build.0 = Debug|Any CPU
		{A1587814-021D-484E-A3D5-7062356319EE}.Release|Any CPU.ActiveCfg = Release|Any CPU
		{A1587814-021D-484E-A3D5-7062356319EE}.Release|Any CPU.Build.0 = Release|Any CPU
	EndGlobalSection
	GlobalSection(SolutionProperties) = preSolution
		HideSolutionNode = FALSE
	EndGlobalSection
	GlobalSection(ExtensibilityGlobals) = postSolution
		SolutionGuid = {76CD377F-F605-4497-918C-ED5CACA73E8F}
	EndGlobalSection
EndGlobal
